// !$*UTF8*$!
{
	archiveVersion = 1;
	classes = {
	};
	objectVersion = 77;
	objects = {

/* Begin PBXContainerItemProxy section */
		A844280F2E2BDFBD0015B5FF /* PBXContainerItemProxy */ = {
			isa = PBXContainerItemProxy;
			containerPortal = A84427F42E2BDFB90015B5FF /* Project object */;
			proxyType = 1;
			remoteGlobalIDString = A84427FB2E2BDFB90015B5FF;
			remoteInfo = MeReminder;
		};
		A84428192E2BDFBD0015B5FF /* PBXContainerItemProxy */ = {
			isa = PBXContainerItemProxy;
			containerPortal = A84427F42E2BDFB90015B5FF /* Project object */;
			proxyType = 1;
			remoteGlobalIDString = A84427FB2E2BDFB90015B5FF;
			remoteInfo = MeReminder;
		};
/* End PBXContainerItemProxy section */

/* Begin PBXFileReference section */
		A84427FC2E2BDFB90015B5FF /* MeReminder.app */ = {isa = PBXFileReference; explicitFileType = wrapper.application; includeInIndex = 0; path = MeReminder.app; sourceTree = BUILT_PRODUCTS_DIR; };
		A844280E2E2BDFBD0015B5FF /* MeReminderTests.xctest */ = {isa = PBXFileReference; explicitFileType = wrapper.cfbundle; includeInIndex = 0; path = MeReminderTests.xctest; sourceTree = BUILT_PRODUCTS_DIR; };
		A84428182E2BDFBD0015B5FF /* MeReminderUITests.xctest */ = {isa = PBXFileReference; explicitFileType = wrapper.cfbundle; includeInIndex = 0; path = MeReminderUITests.xctest; sourceTree = BUILT_PRODUCTS_DIR; };
/* End PBXFileReference section */

/* Begin PBXFileSystemSynchronizedRootGroup section */
		A84427FE2E2BDFB90015B5FF /* MeReminder */ = {
			isa = PBXFileSystemSynchronizedRootGroup;
			path = MeReminder;
			sourceTree = "<group>";
		};
		A84428112E2BDFBD0015B5FF /* MeReminderTests */ = {
			isa = PBXFileSystemSynchronizedRootGroup;
			path = MeReminderTests;
			sourceTree = "<group>";
		};
		A844281B2E2BDFBD0015B5FF /* MeReminderUITests */ = {
			isa = PBXFileSystemSynchronizedRootGroup;
			path = MeReminderUITests;
			sourceTree = "<group>";
		};
/* End PBXFileSystemSynchronizedRootGroup section */

/* Begin PBXFrameworksBuildPhase section */
		A84427F92E2BDFB90015B5FF /* Frameworks */ = {
			isa = PBXFrameworksBuildPhase;
			buildActionMask = 2147483647;
			files = (
			);
			runOnlyForDeploymentPostprocessing = 0;
		};
		A844280B2E2BDFBD0015B5FF /* Frameworks */ = {
			isa = PBXFrameworksBuildPhase;
			buildActionMask = 2147483647;
			files = (
			);
			runOnlyForDeploymentPostprocessing = 0;
		};
		A84428152E2BDFBD0015B5FF /* Frameworks */ = {
			isa = PBXFrameworksBuildPhase;
			buildActionMask = 2147483647;
			files = (
			);
			runOnlyForDeploymentPostprocessing = 0;
		};
/* End PBXFrameworksBuildPhase section */

/* Begin PBXGroup section */
		A84427F32E2BDFB90015B5FF = {
			isa = PBXGroup;
			children = (
				A84427FE2E2BDFB90015B5FF /* MeReminder */,
				A84428112E2BDFBD0015B5FF /* MeReminderTests */,
				A844281B2E2BDFBD0015B5FF /* MeReminderUITests */,
				A84427FD2E2BDFB90015B5FF /* Products */,
			);
			sourceTree = "<group>";
		};
		A84427FD2E2BDFB90015B5FF /* Products */ = {
			isa = PBXGroup;
			children = (
				A84427FC2E2BDFB90015B5FF /* MeReminder.app */,
				A844280E2E2BDFBD0015B5FF /* MeReminderTests.xctest */,
				A84428182E2BDFBD0015B5FF /* MeReminderUITests.xctest */,
			);
			name = Products;
			sourceTree = "<group>";
		};
/* End PBXGroup section */

/* Begin PBXNativeTarget section */
		A84427FB2E2BDFB90015B5FF /* MeReminder */ = {
			isa = PBXNativeTarget;
			buildConfigurationList = A84428222E2BDFBD0015B5FF /* Build configuration list for PBXNativeTarget "MeReminder" */;
			buildPhases = (
				A84427F82E2BDFB90015B5FF /* Sources */,
				A84427F92E2BDFB90015B5FF /* Frameworks */,
				A84427FA2E2BDFB90015B5FF /* Resources */,
			);
			buildRules = (
			);
			dependencies = (
			);
			fileSystemSynchronizedGroups = (
				A84427FE2E2BDFB90015B5FF /* MeReminder */,
			);
			name = MeReminder;
			packageProductDependencies = (
			);
			productName = MeReminder;
			productReference = A84427FC2E2BDFB90015B5FF /* MeReminder.app */;
			productType = "com.apple.product-type.application";
		};
		A844280D2E2BDFBD0015B5FF /* MeReminderTests */ = {
			isa = PBXNativeTarget;
			buildConfigurationList = A84428252E2BDFBD0015B5FF /* Build configuration list for PBXNativeTarget "MeReminderTests" */;
			buildPhases = (
				A844280A2E2BDFBD0015B5FF /* Sources */,
				A844280B2E2BDFBD0015B5FF /* Frameworks */,
				A844280C2E2BDFBD0015B5FF /* Resources */,
			);
			buildRules = (
			);
			dependencies = (
				A84428102E2BDFBD0015B5FF /* PBXTargetDependency */,
			);
			fileSystemSynchronizedGroups = (
				A84428112E2BDFBD0015B5FF /* MeReminderTests */,
			);
			name = MeReminderTests;
			packageProductDependencies = (
			);
			productName = MeReminderTests;
			productReference = A844280E2E2BDFBD0015B5FF /* MeReminderTests.xctest */;
			productType = "com.apple.product-type.bundle.unit-test";
		};
		A84428172E2BDFBD0015B5FF /* MeReminderUITests */ = {
			isa = PBXNativeTarget;
			buildConfigurationList = A84428282E2BDFBD0015B5FF /* Build configuration list for PBXNativeTarget "MeReminderUITests" */;
			buildPhases = (
				A84428142E2BDFBD0015B5FF /* Sources */,
				A84428152E2BDFBD0015B5FF /* Frameworks */,
				A84428162E2BDFBD0015B5FF /* Resources */,
			);
			buildRules = (
			);
			dependencies = (
				A844281A2E2BDFBD0015B5FF /* PBXTargetDependency */,
			);
			fileSystemSynchronizedGroups = (
				A844281B2E2BDFBD0015B5FF /* MeReminderUITests */,
			);
			name = MeReminderUITests;
			packageProductDependencies = (
			);
			productName = MeReminderUITests;
			productReference = A84428182E2BDFBD0015B5FF /* MeReminderUITests.xctest */;
			productType = "com.apple.product-type.bundle.ui-testing";
		};
/* End PBXNativeTarget section */

/* Begin PBXProject section */
		A84427F42E2BDFB90015B5FF /* Project object */ = {
			isa = PBXProject;
			attributes = {
				BuildIndependentTargetsInParallel = 1;
				LastSwiftUpdateCheck = 1620;
				LastUpgradeCheck = 1620;
				TargetAttributes = {
					A84427FB2E2BDFB90015B5FF = {
						CreatedOnToolsVersion = 16.2;
					};
					A844280D2E2BDFBD0015B5FF = {
						CreatedOnToolsVersion = 16.2;
						TestTargetID = A84427FB2E2BDFB90015B5FF;
					};
					A84428172E2BDFBD0015B5FF = {
						CreatedOnToolsVersion = 16.2;
						TestTargetID = A84427FB2E2BDFB90015B5FF;
					};
				};
			};
			buildConfigurationList = A84427F72E2BDFB90015B5FF /* Build configuration list for PBXProject "MeReminder" */;
			developmentRegion = en;
			hasScannedForEncodings = 0;
			knownRegions = (
				en,
				Base,
			);
			mainGroup = A84427F32E2BDFB90015B5FF;
			minimizedProjectReferenceProxies = 1;
			preferredProjectObjectVersion = 77;
			productRefGroup = A84427FD2E2BDFB90015B5FF /* Products */;
			projectDirPath = "";
			projectRoot = "";
			targets = (
				A84427FB2E2BDFB90015B5FF /* MeReminder */,
				A844280D2E2BDFBD0015B5FF /* MeReminderTests */,
				A84428172E2BDFBD0015B5FF /* MeReminderUITests */,
			);
		};
/* End PBXProject section */

/* Begin PBXResourcesBuildPhase section */
		A84427FA2E2BDFB90015B5FF /* Resources */ = {
			isa = PBXResourcesBuildPhase;
			buildActionMask = 2147483647;
			files = (
			);
			runOnlyForDeploymentPostprocessing = 0;
		};
		A844280C2E2BDFBD0015B5FF /* Resources */ = {
			isa = PBXResourcesBuildPhase;
			buildActionMask = 2147483647;
			files = (
			);
			runOnlyForDeploymentPostprocessing = 0;
		};
		A84428162E2BDFBD0015B5FF /* Resources */ = {
			isa = PBXResourcesBuildPhase;
			buildActionMask = 2147483647;
			files = (
			);
			runOnlyForDeploymentPostprocessing = 0;
		};
/* End PBXResourcesBuildPhase section */

/* Begin PBXSourcesBuildPhase section */
		A84427F82E2BDFB90015B5FF /* Sources */ = {
			isa = PBXSourcesBuildPhase;
			buildActionMask = 2147483647;
			files = (
			);
			runOnlyForDeploymentPostprocessing = 0;
		};
		A844280A2E2BDFBD0015B5FF /* Sources */ = {
			isa = PBXSourcesBuildPhase;
			buildActionMask = 2147483647;
			files = (
			);
			runOnlyForDeploymentPostprocessing = 0;
		};
		A84428142E2BDFBD0015B5FF /* Sources */ = {
			isa = PBXSourcesBuildPhase;
			buildActionMask = 2147483647;
			files = (
			);
			runOnlyForDeploymentPostprocessing = 0;
		};
/* End PBXSourcesBuildPhase section */

/* Begin PBXTargetDependency section */
		A84428102E2BDFBD0015B5FF /* PBXTargetDependency */ = {
			isa = PBXTargetDependency;
			target = A84427FB2E2BDFB90015B5FF /* MeReminder */;
			targetProxy = A844280F2E2BDFBD0015B5FF /* PBXContainerItemProxy */;
		};
		A844281A2E2BDFBD0015B5FF /* PBXTargetDependency */ = {
			isa = PBXTargetDependency;
			target = A84427FB2E2BDFB90015B5FF /* MeReminder */;
			targetProxy = A84428192E2BDFBD0015B5FF /* PBXContainerItemProxy */;
		};
/* End PBXTargetDependency section */

/* Begin XCBuildConfiguration section */
		A84428202E2BDFBD0015B5FF /* Debug */ = {
			isa = XCBuildConfiguration;
			buildSettings = {
				ALWAYS_SEARCH_USER_PATHS = NO;
				ASSETCATALOG_COMPILER_GENERATE_SWIFT_ASSET_SYMBOL_EXTENSIONS = YES;
				CLANG_ANALYZER_NONNULL = YES;
				CLANG_ANALYZER_NUMBER_OBJECT_CONVERSION = YES_AGGRESSIVE;
				CLANG_CXX_LANGUAGE_STANDARD = "gnu++20";
				CLANG_ENABLE_MODULES = YES;
				CLANG_ENABLE_OBJC_ARC = YES;
				CLANG_ENABLE_OBJC_WEAK = YES;
				CLANG_WARN_BLOCK_CAPTURE_AUTORELEASING = YES;
				CLANG_WARN_BOOL_CONVERSION = YES;
				CLANG_WARN_COMMA = YES;
				CLANG_WARN_CONSTANT_CONVERSION = YES;
				CLANG_WARN_DEPRECATED_OBJC_IMPLEMENTATIONS = YES;
				CLANG_WARN_DIRECT_OBJC_ISA_USAGE = YES_ERROR;
				CLANG_WARN_DOCUMENTATION_COMMENTS = YES;
				CLANG_WARN_EMPTY_BODY = YES;
				CLANG_WARN_ENUM_CONVERSION = YES;
				CLANG_WARN_INFINITE_RECURSION = YES;
				CLANG_WARN_INT_CONVERSION = YES;
				CLANG_WARN_NON_LITERAL_NULL_CONVERSION = YES;
				CLANG_WARN_OBJC_IMPLICIT_RETAIN_SELF = YES;
				CLANG_WARN_OBJC_LITERAL_CONVERSION = YES;
				CLANG_WARN_OBJC_ROOT_CLASS = YES_ERROR;
				CLANG_WARN_QUOTED_INCLUDE_IN_FRAMEWORK_HEADER = YES;
				CLANG_WARN_RANGE_LOOP_ANALYSIS = YES;
				CLANG_WARN_STRICT_PROTOTYPES = YES;
				CLANG_WARN_SUSPICIOUS_MOVE = YES;
				CLANG_WARN_UNGUARDED_AVAILABILITY = YES_AGGRESSIVE;
				CLANG_WARN_UNREACHABLE_CODE = YES;
				CLANG_WARN__DUPLICATE_METHOD_MATCH = YES;
				COPY_PHASE_STRIP = NO;
				DEBUG_INFORMATION_FORMAT = dwarf;
				ENABLE_STRICT_OBJC_MSGSEND = YES;
				ENABLE_TESTABILITY = YES;
				ENABLE_USER_SCRIPT_SANDBOXING = YES;
				GCC_C_LANGUAGE_STANDARD = gnu17;
				GCC_DYNAMIC_NO_PIC = NO;
				GCC_NO_COMMON_BLOCKS = YES;
				GCC_OPTIMIZATION_LEVEL = 0;
				GCC_PREPROCESSOR_DEFINITIONS = (
					"DEBUG=1",
					"$(inherited)",
				);
				GCC_WARN_64_TO_32_BIT_CONVERSION = YES;
				GCC_WARN_ABOUT_RETURN_TYPE = YES_ERROR;
				GCC_WARN_UNDECLARED_SELECTOR = YES;
				GCC_WARN_UNINITIALIZED_AUTOS = YES_AGGRESSIVE;
				GCC_WARN_UNUSED_FUNCTION = YES;
				GCC_WARN_UNUSED_VARIABLE = YES;
				IPHONEOS_DEPLOYMENT_TARGET = 17.6;
				LOCALIZATION_PREFERS_STRING_CATALOGS = YES;
				MTL_ENABLE_DEBUG_INFO = INCLUDE_SOURCE;
				MTL_FAST_MATH = YES;
				ONLY_ACTIVE_ARCH = YES;
				SDKROOT = iphoneos;
				SWIFT_ACTIVE_COMPILATION_CONDITIONS = "DEBUG $(inherited)";
				SWIFT_OPTIMIZATION_LEVEL = "-Onone";
			};
			name = Debug;
		};
		A84428212E2BDFBD0015B5FF /* Release */ = {
			isa = XCBuildConfiguration;
			buildSettings = {
				ALWAYS_SEARCH_USER_PATHS = NO;
				ASSETCATALOG_COMPILER_GENERATE_SWIFT_ASSET_SYMBOL_EXTENSIONS = YES;
				CLANG_ANALYZER_NONNULL = YES;
				CLANG_ANALYZER_NUMBER_OBJECT_CONVERSION = YES_AGGRESSIVE;
				CLANG_CXX_LANGUAGE_STANDARD = "gnu++20";
				CLANG_ENABLE_MODULES = YES;
				CLANG_ENABLE_OBJC_ARC = YES;
				CLANG_ENABLE_OBJC_WEAK = YES;
				CLANG_WARN_BLOCK_CAPTURE_AUTORELEASING = YES;
				CLANG_WARN_BOOL_CONVERSION = YES;
				CLANG_WARN_COMMA = YES;
				CLANG_WARN_CONSTANT_CONVERSION = YES;
				CLANG_WARN_DEPRECATED_OBJC_IMPLEMENTATIONS = YES;
				CLANG_WARN_DIRECT_OBJC_ISA_USAGE = YES_ERROR;
				CLANG_WARN_DOCUMENTATION_COMMENTS = YES;
				CLANG_WARN_EMPTY_BODY = YES;
				CLANG_WARN_ENUM_CONVERSION = YES;
				CLANG_WARN_INFINITE_RECURSION = YES;
				CLANG_WARN_INT_CONVERSION = YES;
				CLANG_WARN_NON_LITERAL_NULL_CONVERSION = YES;
				CLANG_WARN_OBJC_IMPLICIT_RETAIN_SELF = YES;
				CLANG_WARN_OBJC_LITERAL_CONVERSION = YES;
				CLANG_WARN_OBJC_ROOT_CLASS = YES_ERROR;
				CLANG_WARN_QUOTED_INCLUDE_IN_FRAMEWORK_HEADER = YES;
				CLANG_WARN_RANGE_LOOP_ANALYSIS = YES;
				CLANG_WARN_STRICT_PROTOTYPES = YES;
				CLANG_WARN_SUSPICIOUS_MOVE = YES;
				CLANG_WARN_UNGUARDED_AVAILABILITY = YES_AGGRESSIVE;
				CLANG_WARN_UNREACHABLE_CODE = YES;
				CLANG_WARN__DUPLICATE_METHOD_MATCH = YES;
				COPY_PHASE_STRIP = NO;
				DEBUG_INFORMATION_FORMAT = "dwarf-with-dsym";
				ENABLE_NS_ASSERTIONS = NO;
				ENABLE_STRICT_OBJC_MSGSEND = YES;
				ENABLE_USER_SCRIPT_SANDBOXING = YES;
				GCC_C_LANGUAGE_STANDARD = gnu17;
				GCC_NO_COMMON_BLOCKS = YES;
				GCC_WARN_64_TO_32_BIT_CONVERSION = YES;
				GCC_WARN_ABOUT_RETURN_TYPE = YES_ERROR;
				GCC_WARN_UNDECLARED_SELECTOR = YES;
				GCC_WARN_UNINITIALIZED_AUTOS = YES_AGGRESSIVE;
				GCC_WARN_UNUSED_FUNCTION = YES;
				GCC_WARN_UNUSED_VARIABLE = YES;
				IPHONEOS_DEPLOYMENT_TARGET = 17.6;
				LOCALIZATION_PREFERS_STRING_CATALOGS = YES;
				MTL_ENABLE_DEBUG_INFO = NO;
				MTL_FAST_MATH = YES;
				SDKROOT = iphoneos;
				SWIFT_COMPILATION_MODE = wholemodule;
				VALIDATE_PRODUCT = YES;
			};
			name = Release;
		};
		A84428232E2BDFBD0015B5FF /* Debug */ = {
			isa = XCBuildConfiguration;
			buildSettings = {
				ASSETCATALOG_COMPILER_APPICON_NAME = AppIcon;
				ASSETCATALOG_COMPILER_GLOBAL_ACCENT_COLOR_NAME = AccentColor;
				CODE_SIGN_STYLE = Automatic;
				CURRENT_PROJECT_VERSION = 1;
				DEVELOPMENT_ASSET_PATHS = "\"MeReminder/Preview Content\"";
				DEVELOPMENT_TEAM = GUP3F3MX45;
				ENABLE_PREVIEWS = YES;
				GENERATE_INFOPLIST_FILE = YES;
				INFOPLIST_KEY_UIApplicationSceneManifest_Generation = YES;
				INFOPLIST_KEY_UIApplicationSupportsIndirectInputEvents = YES;
				INFOPLIST_KEY_UILaunchScreen_Generation = YES;
				INFOPLIST_KEY_UISupportedInterfaceOrientations_iPad = "UIInterfaceOrientationPortrait UIInterfaceOrientationPortraitUpsideDown UIInterfaceOrientationLandscapeLeft UIInterfaceOrientationLandscapeRight";
				INFOPLIST_KEY_UISupportedInterfaceOrientations_iPhone = "UIInterfaceOrientationPortrait UIInterfaceOrientationLandscapeLeft UIInterfaceOrientationLandscapeRight";
				IPHONEOS_DEPLOYMENT_TARGET = 17.6;
				LD_RUNPATH_SEARCH_PATHS = (
					"$(inherited)",
					"@executable_path/Frameworks",
				);
				MARKETING_VERSION = 1.0;
				PRODUCT_BUNDLE_IDENTIFIER = com.bobyin.MeReminder;
				PRODUCT_NAME = "$(TARGET_NAME)";
				SWIFT_EMIT_LOC_STRINGS = YES;
				SWIFT_VERSION = 5.0;
				TARGETED_DEVICE_FAMILY = "1,2";
			};
			name = Debug;
		};
		A84428242E2BDFBD0015B5FF /* Release */ = {
			isa = XCBuildConfiguration;
			buildSettings = {
				ASSETCATALOG_COMPILER_APPICON_NAME = AppIcon;
				ASSETCATALOG_COMPILER_GLOBAL_ACCENT_COLOR_NAME = AccentColor;
				CODE_SIGN_STYLE = Automatic;
				CURRENT_PROJECT_VERSION = 1;
				DEVELOPMENT_ASSET_PATHS = "\"MeReminder/Preview Content\"";
				DEVELOPMENT_TEAM = GUP3F3MX45;
				ENABLE_PREVIEWS = YES;
				GENERATE_INFOPLIST_FILE = YES;
				INFOPLIST_KEY_UIApplicationSceneManifest_Generation = YES;
				INFOPLIST_KEY_UIApplicationSupportsIndirectInputEvents = YES;
				INFOPLIST_KEY_UILaunchScreen_Generation = YES;
				INFOPLIST_KEY_UISupportedInterfaceOrientations_iPad = "UIInterfaceOrientationPortrait UIInterfaceOrientationPortraitUpsideDown UIInterfaceOrientationLandscapeLeft UIInterfaceOrientationLandscapeRight";
				INFOPLIST_KEY_UISupportedInterfaceOrientations_iPhone = "UIInterfaceOrientationPortrait UIInterfaceOrientationLandscapeLeft UIInterfaceOrientationLandscapeRight";
				IPHONEOS_DEPLOYMENT_TARGET = 17.6;
				LD_RUNPATH_SEARCH_PATHS = (
					"$(inherited)",
					"@executable_path/Frameworks",
				);
				MARKETING_VERSION = 1.0;
				PRODUCT_BUNDLE_IDENTIFIER = com.bobyin.MeReminder;
				PRODUCT_NAME = "$(TARGET_NAME)";
				SWIFT_EMIT_LOC_STRINGS = YES;
				SWIFT_VERSION = 5.0;
				TARGETED_DEVICE_FAMILY = "1,2";
			};
			name = Release;
		};
		A84428262E2BDFBD0015B5FF /* Debug */ = {
			isa = XCBuildConfiguration;
			buildSettings = {
				BUNDLE_LOADER = "$(TEST_HOST)";
				CODE_SIGN_STYLE = Automatic;
				CURRENT_PROJECT_VERSION = 1;
				DEVELOPMENT_TEAM = GUP3F3MX45;
				GENERATE_INFOPLIST_FILE = YES;
				IPHONEOS_DEPLOYMENT_TARGET = 17.6;
				MARKETING_VERSION = 1.0;
				PRODUCT_BUNDLE_IDENTIFIER = com.bobyin.MeReminderTests;
				PRODUCT_NAME = "$(TARGET_NAME)";
				SWIFT_EMIT_LOC_STRINGS = NO;
				SWIFT_VERSION = 5.0;
				TARGETED_DEVICE_FAMILY = "1,2";
				TEST_HOST = "$(BUILT_PRODUCTS_DIR)/MeReminder.app/$(BUNDLE_EXECUTABLE_FOLDER_PATH)/MeReminder";
			};
			name = Debug;
		};
		A84428272E2BDFBD0015B5FF /* Release */ = {
			isa = XCBuildConfiguration;
			buildSettings = {
				BUNDLE_LOADER = "$(TEST_HOST)";
				CODE_SIGN_STYLE = Automatic;
				CURRENT_PROJECT_VERSION = 1;
				DEVELOPMENT_TEAM = GUP3F3MX45;
				GENERATE_INFOPLIST_FILE = YES;
				IPHONEOS_DEPLOYMENT_TARGET = 17.6;
				MARKETING_VERSION = 1.0;
				PRODUCT_BUNDLE_IDENTIFIER = com.bobyin.MeReminderTests;
				PRODUCT_NAME = "$(TARGET_NAME)";
				SWIFT_EMIT_LOC_STRINGS = NO;
				SWIFT_VERSION = 5.0;
				TARGETED_DEVICE_FAMILY = "1,2";
				TEST_HOST = "$(BUILT_PRODUCTS_DIR)/MeReminder.app/$(BUNDLE_EXECUTABLE_FOLDER_PATH)/MeReminder";
			};
			name = Release;
		};
		A84428292E2BDFBD0015B5FF /* Debug */ = {
			isa = XCBuildConfiguration;
			buildSettings = {
				CODE_SIGN_STYLE = Automatic;
				CURRENT_PROJECT_VERSION = 1;
				DEVELOPMENT_TEAM = GUP3F3MX45;
				GENERATE_INFOPLIST_FILE = YES;
				MARKETING_VERSION = 1.0;
				PRODUCT_BUNDLE_IDENTIFIER = com.bobyin.MeReminderUITests;
				PRODUCT_NAME = "$(TARGET_NAME)";
				SWIFT_EMIT_LOC_STRINGS = NO;
				SWIFT_VERSION = 5.0;
				TARGETED_DEVICE_FAMILY = "1,2";
				TEST_TARGET_NAME = MeReminder;
			};
			name = Debug;
		};
		A844282A2E2BDFBD0015B5FF /* Release */ = {
			isa = XCBuildConfiguration;
			buildSettings = {
				CODE_SIGN_STYLE = Automatic;
				CURRENT_PROJECT_VERSION = 1;
				DEVELOPMENT_TEAM = GUP3F3MX45;
				GENERATE_INFOPLIST_FILE = YES;
				MARKETING_VERSION = 1.0;
				PRODUCT_BUNDLE_IDENTIFIER = com.bobyin.MeReminderUITests;
				PRODUCT_NAME = "$(TARGET_NAME)";
				SWIFT_EMIT_LOC_STRINGS = NO;
				SWIFT_VERSION = 5.0;
				TARGETED_DEVICE_FAMILY = "1,2";
				TEST_TARGET_NAME = MeReminder;
			};
			name = Release;
		};
/* End XCBuildConfiguration section */

/* Begin XCConfigurationList section */
		A84427F72E2BDFB90015B5FF /* Build configuration list for PBXProject "MeReminder" */ = {
			isa = XCConfigurationList;
			buildConfigurations = (
				A84428202E2BDFBD0015B5FF /* Debug */,
				A84428212E2BDFBD0015B5FF /* Release */,
			);
			defaultConfigurationIsVisible = 0;
			defaultConfigurationName = Release;
		};
		A84428222E2BDFBD0015B5FF /* Build configuration list for PBXNativeTarget "MeReminder" */ = {
			isa = XCConfigurationList;
			buildConfigurations = (
				A84428232E2BDFBD0015B5FF /* Debug */,
				A84428242E2BDFBD0015B5FF /* Release */,
			);
			defaultConfigurationIsVisible = 0;
			defaultConfigurationName = Release;
		};
		A84428252E2BDFBD0015B5FF /* Build configuration list for PBXNativeTarget "MeReminderTests" */ = {
			isa = XCConfigurationList;
			buildConfigurations = (
				A84428262E2BDFBD0015B5FF /* Debug */,
				A84428272E2BDFBD0015B5FF /* Release */,
			);
			defaultConfigurationIsVisible = 0;
			defaultConfigurationName = Release;
		};
		A84428282E2BDFBD0015B5FF /* Build configuration list for PBXNativeTarget "MeReminderUITests" */ = {
			isa = XCConfigurationList;
			buildConfigurations = (
				A84428292E2BDFBD0015B5FF /* Debug */,
				A844282A2E2BDFBD0015B5FF /* Release */,
			);
			defaultConfigurationIsVisible = 0;
			defaultConfigurationName = Release;
		};
/* End XCConfigurationList section */
	};
	rootObject = A84427F42E2BDFB90015B5FF /* Project object */;
}
